{
  "name": "test",
  "lockfileVersion": 2,
  "requires": true,
  "packages": {
    "": {
      "dependencies": {
        "@octokit/webhooks": "^10.1.5",
        "@octokit/webhooks-examples": "^6.3.6",
        "eventsource": "^2.0.2",
        "needle": "^3.1.0"
      }
    },
    "node_modules/@octokit/openapi-types": {
      "version": "13.12.0",
      "resolved": "https://registry.npmjs.org/@octokit/openapi-types/-/openapi-types-13.12.0.tgz",
      "integrity": "sha512-1QYzZrwnn3rTQE7ZoSxXrO8lhu0aIbac1c+qIPOPEaVXBWSaUyLV1x9yt4uDQOwmu6u5ywVS8OJgs+ErDLf6vQ=="
    },
    "node_modules/@octokit/request-error": {
      "version": "3.0.1",
      "resolved": "https://registry.npmjs.org/@octokit/request-error/-/request-error-3.0.1.tgz",
      "integrity": "sha512-ym4Bp0HTP7F3VFssV88WD1ZyCIRoE8H35pXSKwLeMizcdZAYc/t6N9X9Yr9n6t3aG9IH75XDnZ6UeZph0vHMWQ==",
      "dependencies": {
        "@octokit/types": "^7.0.0",
        "deprecation": "^2.0.0",
        "once": "^1.4.0"
      },
      "engines": {
        "node": ">= 14"
      }
    },
    "node_modules/@octokit/types": {
      "version": "7.5.0",
      "resolved": "https://registry.npmjs.org/@octokit/types/-/types-7.5.0.tgz",
      "integrity": "sha512-aHm+olfIZjQpzoODpl+RCZzchKOrdSLJs+yfI7pMMcmB19Li6vidgx0DwUDO/Ic4Q3fq/lOjJORVCcLZefcrJw==",
      "dependencies": {
        "@octokit/openapi-types": "^13.11.0"
      }
    },
    "node_modules/@octokit/webhooks": {
      "version": "10.1.5",
      "resolved": "https://registry.npmjs.org/@octokit/webhooks/-/webhooks-10.1.5.tgz",
      "integrity": "sha512-sQkxM6l9HdG1vsHFj2T/o8SnCPDDxovcs0rsSd4UR5jJFNPCPIBRmFNVHfM37nncLKuTwIpmMeePphNf1k6Waw==",
      "dependencies": {
        "@octokit/request-error": "^3.0.0",
        "@octokit/webhooks-methods": "^3.0.0",
        "@octokit/webhooks-types": "6.3.6",
        "aggregate-error": "^3.1.0"
      },
      "engines": {
        "node": ">= 14"
      }
    },
    "node_modules/@octokit/webhooks-examples": {
      "version": "6.3.6",
      "resolved": "https://registry.npmjs.org/@octokit/webhooks-examples/-/webhooks-examples-6.3.6.tgz",
      "integrity": "sha512-bYHkQDZu0ZiPwKmUVvm0JSPqMxhNty3CZliUUcdigWacAI3O4hYtTrQx7086FIeZDS4Gz5FHWzW1aPzm/u4ZFg==",
      "dependencies": {
        "@octokit/webhooks-types": "^6.0.0"
      }
    },
    "node_modules/@octokit/webhooks-methods": {
      "version": "3.0.0",
      "resolved": "https://registry.npmjs.org/@octokit/webhooks-methods/-/webhooks-methods-3.0.0.tgz",
      "integrity": "sha512-FAIyAchH9JUKXugKMC17ERAXM/56vVJekwXOON46pmUDYfU7uXB4cFY8yc8nYr5ABqVI7KjRKfFt3mZF7OcyUA==",
      "engines": {
        "node": ">= 14"
      }
    },
    "node_modules/@octokit/webhooks-types": {
      "version": "6.3.6",
      "resolved": "https://registry.npmjs.org/@octokit/webhooks-types/-/webhooks-types-6.3.6.tgz",
      "integrity": "sha512-x6yBtWobk20OhOiJ4VWsH3iJ/30IG+VoDWSgS4Tiyidi2KOiBS3bL+AJrNuq4OyNuWOM/FbHQTp6KEZs1oPD/g=="
    },
    "node_modules/aggregate-error": {
      "version": "3.1.0",
      "resolved": "https://registry.npmjs.org/aggregate-error/-/aggregate-error-3.1.0.tgz",
      "integrity": "sha512-4I7Td01quW/RpocfNayFdFVk1qSuoh0E7JrbRJ16nH01HhKFQ88INq9Sd+nd72zqRySlr9BmDA8xlEJ6vJMrYA==",
      "dependencies": {
        "clean-stack": "^2.0.0",
        "indent-string": "^4.0.0"
      },
      "engines": {
        "node": ">=8"
      }
    },
    "node_modules/clean-stack": {
      "version": "2.2.0",
      "resolved": "https://registry.npmjs.org/clean-stack/-/clean-stack-2.2.0.tgz",
      "integrity": "sha512-4diC9HaTE+KRAMWhDhrGOECgWZxoevMc5TlkObMqNSsVU62PYzXZ/SMTjzyGAFF1YusgxGcSWTEXBhp0CPwQ1A==",
      "engines": {
        "node": ">=6"
      }
    },
    "node_modules/debug": {
      "version": "3.2.7",
      "resolved": "https://registry.npmjs.org/debug/-/debug-3.2.7.tgz",
      "integrity": "sha512-CFjzYYAi4ThfiQvizrFQevTTXHtnCqWfe7x1AhgEscTz6ZbLbfoLRLPugTQyBth6f8ZERVUSyWHFD/7Wu4t1XQ==",
      "dependencies": {
        "ms": "^2.1.1"
      }
    },
    "node_modules/deprecation": {
      "version": "2.3.1",
      "resolved": "https://registry.npmjs.org/deprecation/-/deprecation-2.3.1.tgz",
      "integrity": "sha512-xmHIy4F3scKVwMsQ4WnVaS8bHOx0DmVwRywosKhaILI0ywMDWPtBSku2HNxRvF7jtwDRsoEwYQSfbxj8b7RlJQ=="
    },
    "node_modules/eventsource": {
      "version": "2.0.2",
      "resolved": "https://registry.npmjs.org/eventsource/-/eventsource-2.0.2.tgz",
      "integrity": "sha512-IzUmBGPR3+oUG9dUeXynyNmf91/3zUSJg1lCktzKw47OXuhco54U3r9B7O4XX+Rb1Itm9OZ2b0RkTs10bICOxA==",
      "engines": {
        "node": ">=12.0.0"
      }
    },
    "node_modules/iconv-lite": {
      "version": "0.6.3",
      "resolved": "https://registry.npmjs.org/iconv-lite/-/iconv-lite-0.6.3.tgz",
      "integrity": "sha512-4fCk79wshMdzMp2rH06qWrJE4iolqLhCUH+OiuIgU++RB0+94NlDL81atO7GX55uUKueo0txHNtvEyI6D7WdMw==",
      "dependencies": {
        "safer-buffer": ">= 2.1.2 < 3.0.0"
      },
      "engines": {
        "node": ">=0.10.0"
      }
    },
    "node_modules/indent-string": {
      "version": "4.0.0",
      "resolved": "https://registry.npmjs.org/indent-string/-/indent-string-4.0.0.tgz",
      "integrity": "sha512-EdDDZu4A2OyIK7Lr/2zG+w5jmbuk1DVBnEwREQvBzspBJkCEbRa8GxU1lghYcaGJCnRWibjDXlq779X1/y5xwg==",
      "engines": {
        "node": ">=8"
      }
    },
    "node_modules/ms": {
      "version": "2.1.3",
      "resolved": "https://registry.npmjs.org/ms/-/ms-2.1.3.tgz",
      "integrity": "sha512-6FlzubTLZG3J2a/NVCAleEhjzq5oxgHyaCU9yYXvcLsvoVaHJq/s5xXI6/XXP6tz7R9xAOtHnSO/tXtF3WRTlA=="
    },
    "node_modules/needle": {
      "version": "3.1.0",
      "resolved": "https://registry.npmjs.org/needle/-/needle-3.1.0.tgz",
      "integrity": "sha512-gCE9weDhjVGCRqS8dwDR/D3GTAeyXLXuqp7I8EzH6DllZGXSUyxuqqLh+YX9rMAWaaTFyVAg6rHGL25dqvczKw==",
      "dependencies": {
        "debug": "^3.2.6",
        "iconv-lite": "^0.6.3",
        "sax": "^1.2.4"
      },
      "bin": {
        "needle": "bin/needle"
      },
      "engines": {
        "node": ">= 4.4.x"
      }
    },
    "node_modules/once": {
      "version": "1.4.0",
      "resolved": "https://registry.npmjs.org/once/-/once-1.4.0.tgz",
      "integrity": "sha512-lNaJgI+2Q5URQBkccEKHTQOPaXdUxnZZElQTZY0MFUAuaEqe1E+Nyvgdz/aIyNi6Z9MzO5dv1H8n58/GELp3+w==",
      "dependencies": {
        "wrappy": "1"
      }
    },
    "node_modules/safer-buffer": {
      "version": "2.1.2",
      "resolved": "https://registry.npmjs.org/safer-buffer/-/safer-buffer-2.1.2.tgz",
      "integrity": "sha512-YZo3K82SD7Riyi0E1EQPojLz7kpepnSQI9IyPbHHg1XXXevb5dJI7tpyN2ADxGcQbHG7vcyRHk0cbwqcQriUtg=="
    },
    "node_modules/sax": {
      "version": "1.2.4",
      "resolved": "https://registry.npmjs.org/sax/-/sax-1.2.4.tgz",
      "integrity": "sha512-NqVDv9TpANUjFm0N8uM5GxL36UgKi9/atZw+x7YFnQ8ckwFGKrl4xX4yWtrey3UJm5nP1kUbnYgLopqWNSRhWw=="
    },
    "node_modules/wrappy": {
      "version": "1.0.2",
      "resolved": "https://registry.npmjs.org/wrappy/-/wrappy-1.0.2.tgz",
      "integrity": "sha512-l4Sp/DRseor9wL6EvV2+TuQn63dMkPjZ/sp9XkghTEbV9KlPS1xUsZ3u7/IQO4wxtcFB4bgpQPRcR3QCvezPcQ=="
    }
  },
  "dependencies": {
    "@octokit/openapi-types": {
      "version": "13.12.0",
      "resolved": "https://registry.npmjs.org/@octokit/openapi-types/-/openapi-types-13.12.0.tgz",
      "integrity": "sha512-1QYzZrwnn3rTQE7ZoSxXrO8lhu0aIbac1c+qIPOPEaVXBWSaUyLV1x9yt4uDQOwmu6u5ywVS8OJgs+ErDLf6vQ=="
    },
    "@octokit/request-error": {
      "version": "3.0.1",
      "resolved": "https://registry.npmjs.org/@octokit/request-error/-/request-error-3.0.1.tgz",
      "integrity": "sha512-ym4Bp0HTP7F3VFssV88WD1ZyCIRoE8H35pXSKwLeMizcdZAYc/t6N9X9Yr9n6t3aG9IH75XDnZ6UeZph0vHMWQ==",
      "requires": {
        "@octokit/types": "^7.0.0",
        "deprecation": "^2.0.0",
        "once": "^1.4.0"
      }
    },
    "@octokit/types": {
      "version": "7.5.0",
      "resolved": "https://registry.npmjs.org/@octokit/types/-/types-7.5.0.tgz",
      "integrity": "sha512-aHm+olfIZjQpzoODpl+RCZzchKOrdSLJs+yfI7pMMcmB19Li6vidgx0DwUDO/Ic4Q3fq/lOjJORVCcLZefcrJw==",
      "requires": {
        "@octokit/openapi-types": "^13.11.0"
      }
    },
    "@octokit/webhooks": {
      "version": "10.1.5",
      "resolved": "https://registry.npmjs.org/@octokit/webhooks/-/webhooks-10.1.5.tgz",
      "integrity": "sha512-sQkxM6l9HdG1vsHFj2T/o8SnCPDDxovcs0rsSd4UR5jJFNPCPIBRmFNVHfM37nncLKuTwIpmMeePphNf1k6Waw==",
      "requires": {
        "@octokit/request-error": "^3.0.0",
        "@octokit/webhooks-methods": "^3.0.0",
        "@octokit/webhooks-types": "6.3.6",
        "aggregate-error": "^3.1.0"
      }
    },
    "@octokit/webhooks-examples": {
      "version": "6.3.6",
      "resolved": "https://registry.npmjs.org/@octokit/webhooks-examples/-/webhooks-examples-6.3.6.tgz",
      "integrity": "sha512-bYHkQDZu0ZiPwKmUVvm0JSPqMxhNty3CZliUUcdigWacAI3O4hYtTrQx7086FIeZDS4Gz5FHWzW1aPzm/u4ZFg==",
      "requires": {
        "@octokit/webhooks-types": "^6.0.0"
      }
    },
    "@octokit/webhooks-methods": {
      "version": "3.0.0",
      "resolved": "https://registry.npmjs.org/@octokit/webhooks-methods/-/webhooks-methods-3.0.0.tgz",
      "integrity": "sha512-FAIyAchH9JUKXugKMC17ERAXM/56vVJekwXOON46pmUDYfU7uXB4cFY8yc8nYr5ABqVI7KjRKfFt3mZF7OcyUA=="
    },
    "@octokit/webhooks-types": {
      "version": "6.3.6",
      "resolved": "https://registry.npmjs.org/@octokit/webhooks-types/-/webhooks-types-6.3.6.tgz",
      "integrity": "sha512-x6yBtWobk20OhOiJ4VWsH3iJ/30IG+VoDWSgS4Tiyidi2KOiBS3bL+AJrNuq4OyNuWOM/FbHQTp6KEZs1oPD/g=="
    },
    "aggregate-error": {
      "version": "3.1.0",
      "resolved": "https://registry.npmjs.org/aggregate-error/-/aggregate-error-3.1.0.tgz",
      "integrity": "sha512-4I7Td01quW/RpocfNayFdFVk1qSuoh0E7JrbRJ16nH01HhKFQ88INq9Sd+nd72zqRySlr9BmDA8xlEJ6vJMrYA==",
      "requires": {
        "clean-stack": "^2.0.0",
        "indent-string": "^4.0.0"
      }
    },
    "clean-stack": {
      "version": "2.2.0",
      "resolved": "https://registry.npmjs.org/clean-stack/-/clean-stack-2.2.0.tgz",
      "integrity": "sha512-4diC9HaTE+KRAMWhDhrGOECgWZxoevMc5TlkObMqNSsVU62PYzXZ/SMTjzyGAFF1YusgxGcSWTEXBhp0CPwQ1A=="
    },
    "debug": {
      "version": "3.2.7",
      "resolved": "https://registry.npmjs.org/debug/-/debug-3.2.7.tgz",
      "integrity": "sha512-CFjzYYAi4ThfiQvizrFQevTTXHtnCqWfe7x1AhgEscTz6ZbLbfoLRLPugTQyBth6f8ZERVUSyWHFD/7Wu4t1XQ==",
      "requires": {
        "ms": "^2.1.1"
      }
    },
    "deprecation": {
      "version": "2.3.1",
      "resolved": "https://registry.npmjs.org/deprecation/-/deprecation-2.3.1.tgz",
      "integrity": "sha512-xmHIy4F3scKVwMsQ4WnVaS8bHOx0DmVwRywosKhaILI0ywMDWPtBSku2HNxRvF7jtwDRsoEwYQSfbxj8b7RlJQ=="
    },
    "eventsource": {
      "version": "2.0.2",
      "resolved": "https://registry.npmjs.org/eventsource/-/eventsource-2.0.2.tgz",
      "integrity": "sha512-IzUmBGPR3+oUG9dUeXynyNmf91/3zUSJg1lCktzKw47OXuhco54U3r9B7O4XX+Rb1Itm9OZ2b0RkTs10bICOxA=="
    },
    "iconv-lite": {
      "version": "0.6.3",
      "resolved": "https://registry.npmjs.org/iconv-lite/-/iconv-lite-0.6.3.tgz",
      "integrity": "sha512-4fCk79wshMdzMp2rH06qWrJE4iolqLhCUH+OiuIgU++RB0+94NlDL81atO7GX55uUKueo0txHNtvEyI6D7WdMw==",
      "requires": {
        "safer-buffer": ">= 2.1.2 < 3.0.0"
      }
    },
    "indent-string": {
      "version": "4.0.0",
      "resolved": "https://registry.npmjs.org/indent-string/-/indent-string-4.0.0.tgz",
      "integrity": "sha512-EdDDZu4A2OyIK7Lr/2zG+w5jmbuk1DVBnEwREQvBzspBJkCEbRa8GxU1lghYcaGJCnRWibjDXlq779X1/y5xwg=="
    },
    "ms": {
      "version": "2.1.3",
      "resolved": "https://registry.npmjs.org/ms/-/ms-2.1.3.tgz",
      "integrity": "sha512-6FlzubTLZG3J2a/NVCAleEhjzq5oxgHyaCU9yYXvcLsvoVaHJq/s5xXI6/XXP6tz7R9xAOtHnSO/tXtF3WRTlA=="
    },
    "needle": {
      "version": "3.1.0",
      "resolved": "https://registry.npmjs.org/needle/-/needle-3.1.0.tgz",
      "integrity": "sha512-gCE9weDhjVGCRqS8dwDR/D3GTAeyXLXuqp7I8EzH6DllZGXSUyxuqqLh+YX9rMAWaaTFyVAg6rHGL25dqvczKw==",
      "requires": {
        "debug": "^3.2.6",
        "iconv-lite": "^0.6.3",
        "sax": "^1.2.4"
      }
    },
    "once": {
      "version": "1.4.0",
      "resolved": "https://registry.npmjs.org/once/-/once-1.4.0.tgz",
      "integrity": "sha512-lNaJgI+2Q5URQBkccEKHTQOPaXdUxnZZElQTZY0MFUAuaEqe1E+Nyvgdz/aIyNi6Z9MzO5dv1H8n58/GELp3+w==",
      "requires": {
        "wrappy": "1"
      }
    },
    "safer-buffer": {
      "version": "2.1.2",
      "resolved": "https://registry.npmjs.org/safer-buffer/-/safer-buffer-2.1.2.tgz",
      "integrity": "sha512-YZo3K82SD7Riyi0E1EQPojLz7kpepnSQI9IyPbHHg1XXXevb5dJI7tpyN2ADxGcQbHG7vcyRHk0cbwqcQriUtg=="
    },
    "sax": {
      "version": "1.2.4",
      "resolved": "https://registry.npmjs.org/sax/-/sax-1.2.4.tgz",
      "integrity": "sha512-NqVDv9TpANUjFm0N8uM5GxL36UgKi9/atZw+x7YFnQ8ckwFGKrl4xX4yWtrey3UJm5nP1kUbnYgLopqWNSRhWw=="
    },
    "wrappy": {
      "version": "1.0.2",
      "resolved": "https://registry.npmjs.org/wrappy/-/wrappy-1.0.2.tgz",
      "integrity": "sha512-l4Sp/DRseor9wL6EvV2+TuQn63dMkPjZ/sp9XkghTEbV9KlPS1xUsZ3u7/IQO4wxtcFB4bgpQPRcR3QCvezPcQ=="
    }
  }
}
